
Microsoft Visual Studio Solution File, Format Version 12.00
# Visual Studio Version 16
VisualStudioVersion = 16.0.29911.84
MinimumVisualStudioVersion = 10.0.40219.1
Project("{9A19103F-16F7-4668-BE54-9A1E7A4F7556}") = "Destiny.Core.Flow", "src\Destiny.Core.Flow\Destiny.Core.Flow.csproj", "{49FF2838-ED54-48FF-A8C4-C0F91F1EB872}"
EndProject
Project("{9A19103F-16F7-4668-BE54-9A1E7A4F7556}") = "Destiny.Core.Flow.AutoMapper", "src\Destiny.Core.Flow.AutoMapper\Destiny.Core.Flow.AutoMapper.csproj", "{1BEA2CF0-145B-4B0C-ABDC-A429E40E5890}"
EndProject
Project("{9A19103F-16F7-4668-BE54-9A1E7A4F7556}") = "Destiny.Core.Tests", "Destiny.Core.Tests\Destiny.Core.Tests.csproj", "{57C6446B-F401-402D-9BAD-4CB9302AA344}"
EndProject
Project("{9A19103F-16F7-4668-BE54-9A1E7A4F7556}") = "Destiny.Core.Flow.Swagger", "src\Destiny.Core.Flow.Swagger\Destiny.Core.Flow.Swagger.csproj", "{6F852563-D024-40F5-93E4-4A84EF87EEA1}"
EndProject
Project("{9A19103F-16F7-4668-BE54-9A1E7A4F7556}") = "Destiny.Core.Flow.EntityFrameworkCore", "src\Destiny.Core.Flow.EntityFrameworkCore\Destiny.Core.Flow.EntityFrameworkCore.csproj", "{009E18C9-38CE-4CE0-9EA0-D9A1AB38DE86}"
EndProject
Project("{2150E333-8FDC-42A3-9474-1A3956D46DE8}") = "src", "src", "{1249687C-582B-4A3E-8090-2AAF36AA3284}"
EndProject
Project("{2150E333-8FDC-42A3-9474-1A3956D46DE8}") = "test", "test", "{B74CBBDD-8574-4768-AA9D-2144A77D4875}"
EndProject
Project("{9A19103F-16F7-4668-BE54-9A1E7A4F7556}") = "Destiny.Core.Flow.FluentValidation", "src\Destiny.Core.Flow.FluentValidation\Destiny.Core.Flow.FluentValidation.csproj", "{C59766D4-9399-4048-81AD-67626B3CD87B}"
EndProject
Project("{9A19103F-16F7-4668-BE54-9A1E7A4F7556}") = "Destiny.Core.Flow.CodeGenerator", "src\Destiny.Core.Flow.CodeGenerator\Destiny.Core.Flow.CodeGenerator.csproj", "{6DC5B2C0-756B-4BCC-8614-9C21D5671F8E}"
EndProject
Project("{9A19103F-16F7-4668-BE54-9A1E7A4F7556}") = "Destiny.Core.Flow.Aop", "src\Destiny.Core.Flow.Aop\Destiny.Core.Flow.Aop.csproj", "{41EBC4A1-09C2-4426-937B-441B0EF62767}"
EndProject
Project("{9A19103F-16F7-4668-BE54-9A1E7A4F7556}") = "Destiny.Core.Flow.MongoDB", "src\Destiny.Core.Flow.MongoDB\Destiny.Core.Flow.MongoDB.csproj", "{D8E15451-16A4-4769-9BFA-A38C6237715B}"
EndProject
Project("{9A19103F-16F7-4668-BE54-9A1E7A4F7556}") = "Destiny.Core.Flow.Caching", "src\Destiny.Core.Flow.Caching\Destiny.Core.Flow.Caching.csproj", "{951EDF2A-119D-407B-A8FB-13D4F757D6F4}"
EndProject
Project("{9A19103F-16F7-4668-BE54-9A1E7A4F7556}") = "Destiny.Core.Flow.Caching.CSRedis", "src\Destiny.Core.Flow.Caching.CSRedis\Destiny.Core.Flow.Caching.CSRedis.csproj", "{1B1CE807-2090-40B0-A6C5-326A9F6543C1}"
EndProject
Project("{9A19103F-16F7-4668-BE54-9A1E7A4F7556}") = "Destiny.Core.Flow.TestBase", "src\Destiny.Core.Flow.TestBase\Destiny.Core.Flow.TestBase.csproj", "{7D118558-7701-4804-A42D-C0C81FC394D6}"
EndProject
Project("{9A19103F-16F7-4668-BE54-9A1E7A4F7556}") = "Destiny.Core.Flow.MiniProfiler", "src\Destiny.Core.Flow.MiniProfiler\Destiny.Core.Flow.MiniProfiler.csproj", "{BF84625C-82CB-4F84-A799-F21F81E563F1}"
EndProject
Project("{9A19103F-16F7-4668-BE54-9A1E7A4F7556}") = "Destiny.Core.Flow.AspNetCore", "src\Destiny.Core.Flow.AspNetCore\Destiny.Core.Flow.AspNetCore.csproj", "{40BACBCF-713A-4F38-ABE8-57B6BC3EC7A2}"
EndProject
Project("{9A19103F-16F7-4668-BE54-9A1E7A4F7556}") = "Destiny.Core.Flow.Log4Net", "src\Destiny.Core.Flow.Log4Net\Destiny.Core.Flow.Log4Net.csproj", "{D66D00D9-0491-4D2A-A77E-6ED9BAA1509D}"
EndProject
Global
	GlobalSection(SolutionConfigurationPlatforms) = preSolution
		Debug|Any CPU = Debug|Any CPU
		Release|Any CPU = Release|Any CPU
	EndGlobalSection
	GlobalSection(ProjectConfigurationPlatforms) = postSolution
		{49FF2838-ED54-48FF-A8C4-C0F91F1EB872}.Debug|Any CPU.ActiveCfg = Debug|Any CPU
		{49FF2838-ED54-48FF-A8C4-C0F91F1EB872}.Debug|Any CPU.Build.0 = Debug|Any CPU
		{49FF2838-ED54-48FF-A8C4-C0F91F1EB872}.Release|Any CPU.ActiveCfg = Release|Any CPU
		{49FF2838-ED54-48FF-A8C4-C0F91F1EB872}.Release|Any CPU.Build.0 = Release|Any CPU
		{1BEA2CF0-145B-4B0C-ABDC-A429E40E5890}.Debug|Any CPU.ActiveCfg = Debug|Any CPU
		{1BEA2CF0-145B-4B0C-ABDC-A429E40E5890}.Debug|Any CPU.Build.0 = Debug|Any CPU
		{1BEA2CF0-145B-4B0C-ABDC-A429E40E5890}.Release|Any CPU.ActiveCfg = Release|Any CPU
		{1BEA2CF0-145B-4B0C-ABDC-A429E40E5890}.Release|Any CPU.Build.0 = Release|Any CPU
		{57C6446B-F401-402D-9BAD-4CB9302AA344}.Debug|Any CPU.ActiveCfg = Debug|Any CPU
		{57C6446B-F401-402D-9BAD-4CB9302AA344}.Debug|Any CPU.Build.0 = Debug|Any CPU
		{57C6446B-F401-402D-9BAD-4CB9302AA344}.Release|Any CPU.ActiveCfg = Release|Any CPU
		{57C6446B-F401-402D-9BAD-4CB9302AA344}.Release|Any CPU.Build.0 = Release|Any CPU
		{6F852563-D024-40F5-93E4-4A84EF87EEA1}.Debug|Any CPU.ActiveCfg = Debug|Any CPU
		{6F852563-D024-40F5-93E4-4A84EF87EEA1}.Debug|Any CPU.Build.0 = Debug|Any CPU
		{6F852563-D024-40F5-93E4-4A84EF87EEA1}.Release|Any CPU.ActiveCfg = Release|Any CPU
		{6F852563-D024-40F5-93E4-4A84EF87EEA1}.Release|Any CPU.Build.0 = Release|Any CPU
		{009E18C9-38CE-4CE0-9EA0-D9A1AB38DE86}.Debug|Any CPU.ActiveCfg = Debug|Any CPU
		{009E18C9-38CE-4CE0-9EA0-D9A1AB38DE86}.Debug|Any CPU.Build.0 = Debug|Any CPU
		{009E18C9-38CE-4CE0-9EA0-D9A1AB38DE86}.Release|Any CPU.ActiveCfg = Release|Any CPU
		{009E18C9-38CE-4CE0-9EA0-D9A1AB38DE86}.Release|Any CPU.Build.0 = Release|Any CPU
		{C59766D4-9399-4048-81AD-67626B3CD87B}.Debug|Any CPU.ActiveCfg = Debug|Any CPU
		{C59766D4-9399-4048-81AD-67626B3CD87B}.Debug|Any CPU.Build.0 = Debug|Any CPU
		{C59766D4-9399-4048-81AD-67626B3CD87B}.Release|Any CPU.ActiveCfg = Release|Any CPU
		{C59766D4-9399-4048-81AD-67626B3CD87B}.Release|Any CPU.Build.0 = Release|Any CPU
		{6DC5B2C0-756B-4BCC-8614-9C21D5671F8E}.Debug|Any CPU.ActiveCfg = Debug|Any CPU
		{6DC5B2C0-756B-4BCC-8614-9C21D5671F8E}.Debug|Any CPU.Build.0 = Debug|Any CPU
		{6DC5B2C0-756B-4BCC-8614-9C21D5671F8E}.Release|Any CPU.ActiveCfg = Release|Any CPU
		{6DC5B2C0-756B-4BCC-8614-9C21D5671F8E}.Release|Any CPU.Build.0 = Release|Any CPU
		{41EBC4A1-09C2-4426-937B-441B0EF62767}.Debug|Any CPU.ActiveCfg = Debug|Any CPU
		{41EBC4A1-09C2-4426-937B-441B0EF62767}.Debug|Any CPU.Build.0 = Debug|Any CPU
		{41EBC4A1-09C2-4426-937B-441B0EF62767}.Release|Any CPU.ActiveCfg = Release|Any CPU
		{41EBC4A1-09C2-4426-937B-441B0EF62767}.Release|Any CPU.Build.0 = Release|Any CPU
		{D8E15451-16A4-4769-9BFA-A38C6237715B}.Debug|Any CPU.ActiveCfg = Debug|Any CPU
		{D8E15451-16A4-4769-9BFA-A38C6237715B}.Debug|Any CPU.Build.0 = Debug|Any CPU
		{D8E15451-16A4-4769-9BFA-A38C6237715B}.Release|Any CPU.ActiveCfg = Release|Any CPU
		{D8E15451-16A4-4769-9BFA-A38C6237715B}.Release|Any CPU.Build.0 = Release|Any CPU
		{951EDF2A-119D-407B-A8FB-13D4F757D6F4}.Debug|Any CPU.ActiveCfg = Debug|Any CPU
		{951EDF2A-119D-407B-A8FB-13D4F757D6F4}.Debug|Any CPU.Build.0 = Debug|Any CPU
		{951EDF2A-119D-407B-A8FB-13D4F757D6F4}.Release|Any CPU.ActiveCfg = Release|Any CPU
		{951EDF2A-119D-407B-A8FB-13D4F757D6F4}.Release|Any CPU.Build.0 = Release|Any CPU
		{1B1CE807-2090-40B0-A6C5-326A9F6543C1}.Debug|Any CPU.ActiveCfg = Debug|Any CPU
		{1B1CE807-2090-40B0-A6C5-326A9F6543C1}.Debug|Any CPU.Build.0 = Debug|Any CPU
		{1B1CE807-2090-40B0-A6C5-326A9F6543C1}.Release|Any CPU.ActiveCfg = Release|Any CPU
		{1B1CE807-2090-40B0-A6C5-326A9F6543C1}.Release|Any CPU.Build.0 = Release|Any CPU
		{7D118558-7701-4804-A42D-C0C81FC394D6}.Debug|Any CPU.ActiveCfg = Debug|Any CPU
		{7D118558-7701-4804-A42D-C0C81FC394D6}.Debug|Any CPU.Build.0 = Debug|Any CPU
		{7D118558-7701-4804-A42D-C0C81FC394D6}.Release|Any CPU.ActiveCfg = Release|Any CPU
		{7D118558-7701-4804-A42D-C0C81FC394D6}.Release|Any CPU.Build.0 = Release|Any CPU
		{BF84625C-82CB-4F84-A799-F21F81E563F1}.Debug|Any CPU.ActiveCfg = Debug|Any CPU
		{BF84625C-82CB-4F84-A799-F21F81E563F1}.Debug|Any CPU.Build.0 = Debug|Any CPU
		{BF84625C-82CB-4F84-A799-F21F81E563F1}.Release|Any CPU.ActiveCfg = Release|Any CPU
		{BF84625C-82CB-4F84-A799-F21F81E563F1}.Release|Any CPU.Build.0 = Release|Any CPU
		{40BACBCF-713A-4F38-ABE8-57B6BC3EC7A2}.Debug|Any CPU.ActiveCfg = Debug|Any CPU
		{40BACBCF-713A-4F38-ABE8-57B6BC3EC7A2}.Debug|Any CPU.Build.0 = Debug|Any CPU
		{40BACBCF-713A-4F38-ABE8-57B6BC3EC7A2}.Release|Any CPU.ActiveCfg = Release|Any CPU
		{40BACBCF-713A-4F38-ABE8-57B6BC3EC7A2}.Release|Any CPU.Build.0 = Release|Any CPU
		{D66D00D9-0491-4D2A-A77E-6ED9BAA1509D}.Debug|Any CPU.ActiveCfg = Debug|Any CPU
		{D66D00D9-0491-4D2A-A77E-6ED9BAA1509D}.Debug|Any CPU.Build.0 = Debug|Any CPU
		{D66D00D9-0491-4D2A-A77E-6ED9BAA1509D}.Release|Any CPU.ActiveCfg = Release|Any CPU
		{D66D00D9-0491-4D2A-A77E-6ED9BAA1509D}.Release|Any CPU.Build.0 = Release|Any CPU
	EndGlobalSection
	GlobalSection(SolutionProperties) = preSolution
		HideSolutionNode = FALSE
	EndGlobalSection
	GlobalSection(NestedProjects) = preSolution
		{49FF2838-ED54-48FF-A8C4-C0F91F1EB872} = {1249687C-582B-4A3E-8090-2AAF36AA3284}
		{1BEA2CF0-145B-4B0C-ABDC-A429E40E5890} = {1249687C-582B-4A3E-8090-2AAF36AA3284}
		{57C6446B-F401-402D-9BAD-4CB9302AA344} = {B74CBBDD-8574-4768-AA9D-2144A77D4875}
		{6F852563-D024-40F5-93E4-4A84EF87EEA1} = {1249687C-582B-4A3E-8090-2AAF36AA3284}
		{009E18C9-38CE-4CE0-9EA0-D9A1AB38DE86} = {1249687C-582B-4A3E-8090-2AAF36AA3284}
		{C59766D4-9399-4048-81AD-67626B3CD87B} = {1249687C-582B-4A3E-8090-2AAF36AA3284}
		{6DC5B2C0-756B-4BCC-8614-9C21D5671F8E} = {1249687C-582B-4A3E-8090-2AAF36AA3284}
		{41EBC4A1-09C2-4426-937B-441B0EF62767} = {1249687C-582B-4A3E-8090-2AAF36AA3284}
		{D8E15451-16A4-4769-9BFA-A38C6237715B} = {1249687C-582B-4A3E-8090-2AAF36AA3284}
		{951EDF2A-119D-407B-A8FB-13D4F757D6F4} = {1249687C-582B-4A3E-8090-2AAF36AA3284}
		{1B1CE807-2090-40B0-A6C5-326A9F6543C1} = {1249687C-582B-4A3E-8090-2AAF36AA3284}
		{7D118558-7701-4804-A42D-C0C81FC394D6} = {1249687C-582B-4A3E-8090-2AAF36AA3284}
		{BF84625C-82CB-4F84-A799-F21F81E563F1} = {1249687C-582B-4A3E-8090-2AAF36AA3284}
		{40BACBCF-713A-4F38-ABE8-57B6BC3EC7A2} = {1249687C-582B-4A3E-8090-2AAF36AA3284}
		{D66D00D9-0491-4D2A-A77E-6ED9BAA1509D} = {1249687C-582B-4A3E-8090-2AAF36AA3284}
	EndGlobalSection
	GlobalSection(ExtensibilityGlobals) = postSolution
		SolutionGuid = {468F450C-837F-4FCD-8E06-3E12690DDED6}
	EndGlobalSection
EndGlobal
